
Microsoft Visual Studio Solution File, Format Version 12.00
# Visual Studio Version 16
VisualStudioVersion = 16.0.29920.165
MinimumVisualStudioVersion = 15.0.26124.0
Project("{9A19103F-16F7-4668-BE54-9A1E7A4F7556}") = "Sample.Api", "Sample.Api\Sample.Api.csproj", "{98FE00ED-2FB4-4F88-B930-F752188A8CD0}"
EndProject
Project("{9A19103F-16F7-4668-BE54-9A1E7A4F7556}") = "Sample.Tests", "Sample.Tests\Sample.Tests.csproj", "{B4C06B3A-8DFD-445F-9EAC-52FEB7FC112C}"
EndProject
Global
	GlobalSection(SolutionConfigurationPlatforms) = preSolution
		Debug|Any CPU = Debug|Any CPU
		Debug|x64 = Debug|x64
		Debug|x86 = Debug|x86
		Release|Any CPU = Release|Any CPU
		Release|x64 = Release|x64
		Release|x86 = Release|x86
	EndGlobalSection
	GlobalSection(ProjectConfigurationPlatforms) = postSolution
		{98FE00ED-2FB4-4F88-B930-F752188A8CD0}.Debug|Any CPU.ActiveCfg = Debug|Any CPU
		{98FE00ED-2FB4-4F88-B930-F752188A8CD0}.Debug|Any CPU.Build.0 = Debug|Any CPU
		{98FE00ED-2FB4-4F88-B930-F752188A8CD0}.Debug|x64.ActiveCfg = Debug|Any CPU
		{98FE00ED-2FB4-4F88-B930-F752188A8CD0}.Debug|x64.Build.0 = Debug|Any CPU
		{98FE00ED-2FB4-4F88-B930-F752188A8CD0}.Debug|x86.ActiveCfg = Debug|Any CPU
		{98FE00ED-2FB4-4F88-B930-F752188A8CD0}.Debug|x86.Build.0 = Debug|Any CPU
		{98FE00ED-2FB4-4F88-B930-F752188A8CD0}.Release|Any CPU.ActiveCfg = Release|Any CPU
		{98FE00ED-2FB4-4F88-B930-F752188A8CD0}.Release|Any CPU.Build.0 = Release|Any CPU
		{98FE00ED-2FB4-4F88-B930-F752188A8CD0}.Release|x64.ActiveCfg = Release|Any CPU
		{98FE00ED-2FB4-4F88-B930-F752188A8CD0}.Release|x64.Build.0 = Release|Any CPU
		{98FE00ED-2FB4-4F88-B930-F752188A8CD0}.Release|x86.ActiveCfg = Release|Any CPU
		{98FE00ED-2FB4-4F88-B930-F752188A8CD0}.Release|x86.Build.0 = Release|Any CPU
		{B4C06B3A-8DFD-445F-9EAC-52FEB7FC112C}.Debug|Any CPU.ActiveCfg = Debug|Any CPU
		{B4C06B3A-8DFD-445F-9EAC-52FEB7FC112C}.Debug|Any CPU.Build.0 = Debug|Any CPU
		{B4C06B3A-8DFD-445F-9EAC-52FEB7FC112C}.Debug|x64.ActiveCfg = Debug|Any CPU
		{B4C06B3A-8DFD-445F-9EAC-52FEB7FC112C}.Debug|x64.Build.0 = Debug|Any CPU
		{B4C06B3A-8DFD-445F-9EAC-52FEB7FC112C}.Debug|x86.ActiveCfg = Debug|Any CPU
		{B4C06B3A-8DFD-445F-9EAC-52FEB7FC112C}.Debug|x86.Build.0 = Debug|Any CPU
		{B4C06B3A-8DFD-445F-9EAC-52FEB7FC112C}.Release|Any CPU.ActiveCfg = Release|Any CPU
		{B4C06B3A-8DFD-445F-9EAC-52FEB7FC112C}.Release|Any CPU.Build.0 = Release|Any CPU
		{B4C06B3A-8DFD-445F-9EAC-52FEB7FC112C}.Release|x64.ActiveCfg = Release|Any CPU
		{B4C06B3A-8DFD-445F-9EAC-52FEB7FC112C}.Release|x64.Build.0 = Release|Any CPU
		{B4C06B3A-8DFD-445F-9EAC-52FEB7FC112C}.Release|x86.ActiveCfg = Release|Any CPU
		{B4C06B3A-8DFD-445F-9EAC-52FEB7FC112C}.Release|x86.Build.0 = Release|Any CPU
	EndGlobalSection
	GlobalSection(SolutionProperties) = preSolution
		HideSolutionNode = FALSE
	EndGlobalSection
	GlobalSection(ExtensibilityGlobals) = postSolution
		SolutionGuid = {7E4AB9A3-BA06-489B-8243-E2959484E0E9}
	EndGlobalSection
EndGlobal
